<?xml version="1.0" encoding="utf-8"?>
<Project ToolsVersion="4.0" xmlns="http://schemas.microsoft.com/developer/msbuild/2003">
  <ItemGroup>
    <Filter Include="Source Files">
      <UniqueIdentifier>{4FC737F1-C7A5-4376-A066-2A32D752A2FF}</UniqueIdentifier>
      <Extensions>cpp;c;cc;cxx;c++;cppm;ixx;def;odl;idl;hpj;bat;asm;asmx</Extensions>
    </Filter>
    <Filter Include="Header Files">
      <UniqueIdentifier>{93995380-89BD-4b04-88EB-625FBE52EBFB}</UniqueIdentifier>
      <Extensions>h;hh;hpp;hxx;h++;hm;inl;inc;ipp;xsd</Extensions>
    </Filter>
    <Filter Include="Resource Files">
      <UniqueIdentifier>{67DA6AB6-F800-4c08-8B7A-83BB121AAD01}</UniqueIdentifier>
      <Extensions>rc;ico;cur;bmp;dlg;rc2;rct;bin;rgs;gif;jpg;jpeg;jpe;resx;tiff;tif;png;wav;mfcribbon-ms</Extensions>
    </Filter>
  </ItemGroup>
  <ItemGroup>
    <ClCompile Include="src\shadow_mapping\directional_shadow.cpp">
      <Filter>Source Files</Filter>
    </ClCompile>
    <ClCompile Include="src\modules\shader.cpp">
      <Filter>Source Files</Filter>
    </ClCompile>
    <ClCompile Include="stb\stb_image.cpp">
      <Filter>Source Files</Filter>
    </ClCompile>
    <ClCompile Include="src\modules\camera.cpp">
      <Filter>Source Files</Filter>
    </ClCompile>
    <ClCompile Include="src\modules\glad.c">
      <Filter>Source Files</Filter>
    </ClCompile>
    <ClCompile Include="src\modules\mesh.cpp">
      <Filter>Source Files</Filter>
    </ClCompile>
    <ClCompile Include="src\modules\model.cpp">
      <Filter>Source Files</Filter>
    </ClCompile>
    <ClCompile Include="src\modules\utils.cpp">
      <Filter>Source Files</Filter>
    </ClCompile>
    <ClCompile Include="src\modules\texture.cpp">
      <Filter>Source Files</Filter>
    </ClCompile>
    <ClCompile Include="src\shadow_mapping\point_shadows.cpp">
      <Filter>Source Files</Filter>
    </ClCompile>
    <ClCompile Include="src\normal_mapping\normal_mapping.cpp">
      <Filter>Source Files</Filter>
    </ClCompile>
    <ClCompile Include="src\parallax\parallax.cpp">
      <Filter>Source Files</Filter>
    </ClCompile>
    <ClCompile Include="src\HDR\tonemapping_test.cpp">
      <Filter>Source Files</Filter>
    </ClCompile>
    <ClCompile Include="src\HDR\bloom_test.cpp">
      <Filter>Source Files</Filter>
    </ClCompile>
    <ClCompile Include="src\deferred_shading\deferred_shading.cpp">
      <Filter>Source Files</Filter>
    </ClCompile>
    <ClCompile Include="src\deferred_shading\ssao_ambient_occlusion.cpp">
      <Filter>Source Files</Filter>
    </ClCompile>
    <ClCompile Include="src\PBR\pbr_test.cpp">
      <Filter>Source Files</Filter>
    </ClCompile>
    <ClCompile Include="src\PBR\pbr_point.cpp">
      <Filter>Source Files</Filter>
    </ClCompile>
  </ItemGroup>
  <ItemGroup>
    <ClInclude Include="src\camera.h">
      <Filter>Header Files</Filter>
    </ClInclude>
    <ClInclude Include="src\framebuffer.h">
      <Filter>Header Files</Filter>
    </ClInclude>
    <ClInclude Include="src\mesh.h">
      <Filter>Header Files</Filter>
    </ClInclude>
    <ClInclude Include="src\model.h">
      <Filter>Header Files</Filter>
    </ClInclude>
    <ClInclude Include="src\utils.h">
      <Filter>Header Files</Filter>
    </ClInclude>
    <ClInclude Include="src\modules\shader.h">
      <Filter>Header Files</Filter>
    </ClInclude>
    <ClInclude Include="stb\stb_image.h">
      <Filter>Header Files</Filter>
    </ClInclude>
    <ClInclude Include="src\modules\camera.h">
      <Filter>Header Files</Filter>
    </ClInclude>
    <ClInclude Include="src\modules\framebuffer.h">
      <Filter>Header Files</Filter>
    </ClInclude>
    <ClInclude Include="src\modules\mesh.h">
      <Filter>Header Files</Filter>
    </ClInclude>
    <ClInclude Include="src\modules\model.h">
      <Filter>Header Files</Filter>
    </ClInclude>
    <ClInclude Include="src\modules\utils.h">
      <Filter>Header Files</Filter>
    </ClInclude>
    <ClInclude Include="src\modules\light_types.h">
      <Filter>Header Files</Filter>
    </ClInclude>
    <ClInclude Include="src\modules\uniformbuffer.h">
      <Filter>Header Files</Filter>
    </ClInclude>
    <ClInclude Include="src\modules\texture.h">
      <Filter>Header Files</Filter>
    </ClInclude>
  </ItemGroup>
  <ItemGroup>
    <Image Include="resources\textures\apple.png">
      <Filter>Resource Files</Filter>
    </Image>
    <Image Include="resources\textures\container2.png">
      <Filter>Resource Files</Filter>
    </Image>
    <Image Include="resources\textures\container2_specular.png">
      <Filter>Resource Files</Filter>
    </Image>
    <Image Include="resources\textures\container2_specular_colored.png">
      <Filter>Resource Files</Filter>
    </Image>
    <Image Include="resources\textures\face.png">
      <Filter>Resource Files</Filter>
    </Image>
    <Image Include="resources\textures\Installment I.jpg">
      <Filter>Resource Files</Filter>
    </Image>
    <Image Include="resources\textures\pixelart.PNG">
      <Filter>Resource Files</Filter>
    </Image>
    <Image Include="resources\textures\wood.png">
      <Filter>Resource Files</Filter>
    </Image>
    <Image Include="resources\skybox\back.jpg">
      <Filter>Resource Files</Filter>
    </Image>
    <Image Include="resources\skybox\bottom.jpg">
      <Filter>Resource Files</Filter>
    </Image>
    <Image Include="resources\skybox\front.jpg">
      <Filter>Resource Files</Filter>
    </Image>
    <Image Include="resources\skybox\left.jpg">
      <Filter>Resource Files</Filter>
    </Image>
    <Image Include="resources\skybox\right.jpg">
      <Filter>Resource Files</Filter>
    </Image>
    <Image Include="resources\skybox\top.jpg">
      <Filter>Resource Files</Filter>
    </Image>
    <Image Include="resources\objects\backpack\ao.jpg">
      <Filter>Resource Files</Filter>
    </Image>
    <Image Include="resources\objects\backpack\diffuse.jpg">
      <Filter>Resource Files</Filter>
    </Image>
    <Image Include="resources\objects\backpack\normal.png">
      <Filter>Resource Files</Filter>
    </Image>
    <Image Include="resources\objects\backpack\roughness.jpg">
      <Filter>Resource Files</Filter>
    </Image>
    <Image Include="resources\objects\backpack\specular.jpg">
      <Filter>Resource Files</Filter>
    </Image>
    <Image Include="resources\textures\brickwall.jpg">
      <Filter>Resource Files</Filter>
    </Image>
    <Image Include="resources\textures\brickwall_normal.jpg">
      <Filter>Resource Files</Filter>
    </Image>
    <Image Include="resources\objects\cyborg\cyborg_diffuse.png">
      <Filter>Resource Files</Filter>
    </Image>
    <Image Include="resources\objects\cyborg\cyborg_normal.png">
      <Filter>Resource Files</Filter>
    </Image>
    <Image Include="resources\objects\cyborg\cyborg_specular.png">
      <Filter>Resource Files</Filter>
    </Image>
    <Image Include="resources\textures\bricks2.jpg">
      <Filter>Resource Files</Filter>
    </Image>
    <Image Include="resources\textures\bricks2_disp.jpg">
      <Filter>Resource Files</Filter>
    </Image>
    <Image Include="resources\textures\bricks2_normal.jpg">
      <Filter>Resource Files</Filter>
    </Image>
    <Image Include="resources\textures\pbr\rusted_iron\albedo.png">
      <Filter>Resource Files</Filter>
    </Image>
    <Image Include="resources\textures\pbr\rusted_iron\ao.png">
      <Filter>Resource Files</Filter>
    </Image>
    <Image Include="resources\textures\pbr\rusted_iron\metallic.png">
      <Filter>Resource Files</Filter>
    </Image>
    <Image Include="resources\textures\pbr\rusted_iron\normal.png">
      <Filter>Resource Files</Filter>
    </Image>
    <Image Include="resources\textures\pbr\rusted_iron\roughness.png">
      <Filter>Resource Files</Filter>
    </Image>
  </ItemGroup>
  <ItemGroup>
    <None Include="shaders\base_vertex.vert" />
    <None Include="shaders\blinn_phong.frag" />
    <None Include="shaders\red.frag" />
    <None Include="shaders\simple_depth.vert" />
    <None Include="shaders\empty.frag" />
    <None Include="shaders\post_process\framebuffer_quad.vert" />
    <None Include="shaders\simple_depth.frag" />
    <None Include="shaders\base_lit.vert" />
    <None Include="shaders\deprecated\deprecated_blinn_phong.frag" />
    <None Include="resources\objects\backpack\backpack.mtl" />
    <None Include="shaders\simple_depth.geom" />
    <None Include="shaders\linear_depth.frag" />
    <None Include="shaders\base_lit.frag" />
    <None Include="resources\objects\cyborg\cyborg.blend" />
    <None Include="resources\objects\cyborg\cyborg.blend1" />
    <None Include="resources\objects\cyborg\cyborg.mtl" />
    <None Include="shaders\material_lit.frag" />
    <None Include="shaders\post_process\rh_tonemapping.frag" />
    <None Include="shaders\post_process\bloom.frag" />
    <None Include="shaders\base_lit_mrt.frag" />
    <None Include="shaders\post_process\gaussian.frag" />
    <None Include="shaders\deferred\def_gbf.frag" />
    <None Include="shaders\deferred\def_lit.frag" />
    <None Include="shaders\emissive_color.frag" />
    <None Include="shaders\deferred\def_lightvolume.vert" />
    <None Include="shaders\deferred\def_lightvolume.frag" />
    <None Include="shaders\deferred\def_basecolor.frag" />
    <None Include="shaders\deferred\def_gbf_ssao.frag" />
    <None Include="shaders\deferred\def_ssao.frag" />
    <None Include="shaders\deferred\def_gbf_ssao.vert" />
    <None Include="shaders\deferred\def_ssao_blur.frag" />
    <None Include="shaders\deferred\def_lit_ao.frag" />
    <None Include="shaders\test.frag" />
    <None Include="shaders\pbr\pbr_test.frag" />
    <None Include="shaders\pbr\pbr_points.frag" />
    <None Include="shaders\pbr\pbr_base.vert" />
    <None Include="shaders\pbr\pbr_textures.frag" />
    <None Include="shaders\pbr\pbr_textures_wnormals.frag" />
    <None Include="shaders\cubemapping\eqr_to_cubemap.frag" />
    <None Include="shaders\cubemapping\eqr_to_cubemap.vert" />
    <None Include="resources\textures\hdr\newport_loft.hdr" />
    <None Include="shaders\cubemapping\skybox.vert" />
    <None Include="shaders\cubemapping\skybox.frag" />
    <None Include="shaders\cubemapping\irradiance_convolution.frag" />
  </ItemGroup>
  <ItemGroup>
    <Text Include="resources\objects\backpack\source_attribution.txt" />
  </ItemGroup>
</Project>